{
  "name": "Assets",
  "lockfileVersion": 3,
  "requires": true,
  "packages": {
    "": {
      "dependencies": {
        "simple-icons": "^7.4.0",
        "super-tiny-icons": "^0.4.0"
      }
    },
    "node_modules/opencollective-postinstall": {
      "version": "2.0.3",
      "resolved": "https://registry.npmjs.org/opencollective-postinstall/-/opencollective-postinstall-2.0.3.tgz",
      "integrity": "sha512-8AV/sCtuzUeTo8gQK5qDZzARrulB3egtLzFgteqB2tcT4Mw7B8Kt7JcDHmltjz6FOAHsvTevk70gZEbhM4ZS9Q==",
      "bin": {
        "opencollective-postinstall": "index.js"
      }
    },
    "node_modules/simple-icons": {
      "version": "7.21.0",
      "resolved": "https://registry.npmjs.org/simple-icons/-/simple-icons-7.21.0.tgz",
      "integrity": "sha512-Omy/5NjPJrwNl1Q0KzMOVuARfKP4Y+DET2gJ9VyJtWyw75HLWviYszbSZsw1x3BOwBUroRwWkCGi81HPu1M29g==",
      "engines": {
        "node": ">=0.12.18"
      },
      "funding": {
        "type": "opencollective",
        "url": "https://opencollective.com/simple-icons"
      }
    },
    "node_modules/super-tiny-icons": {
      "version": "0.4.0",
      "resolved": "https://registry.npmjs.org/super-tiny-icons/-/super-tiny-icons-0.4.0.tgz",
      "integrity": "sha512-PEHlUQsSdEtQNeP4pNOBCDU9cJe6bsrMmG3yV62icvMDgjCC+srl9AfJ5RGwfKbyvGNbYRUtcmkka+k7yhZxOA==",
      "hasInstallScript": true,
      "dependencies": {
        "opencollective-postinstall": "^2.0.2"
      }
    }
  }
}
